// !$*UTF8*$!
{
	archiveVersion = 1;
	classes = {
	};
	objectVersion = 56;
	objects = {

/* Begin PBXBuildFile section */
		A09248CE2A16135900289BA9 /* swiftui_quiz_gameApp.swift in Sources */ = {isa = PBXBuildFile; fileRef = A09248CD2A16135900289BA9 /* swiftui_quiz_gameApp.swift */; };
		A09248D22A16135E00289BA9 /* Assets.xcassets in Resources */ = {isa = PBXBuildFile; fileRef = A09248D12A16135E00289BA9 /* Assets.xcassets */; };
		A09248D52A16135E00289BA9 /* Preview Assets.xcassets in Resources */ = {isa = PBXBuildFile; fileRef = A09248D42A16135E00289BA9 /* Preview Assets.xcassets */; };
		A09248E02A1613F100289BA9 /* data.json in Resources */ = {isa = PBXBuildFile; fileRef = A09248DF2A1613F100289BA9 /* data.json */; };
		A09248E22A16142B00289BA9 /* Quiz.swift in Sources */ = {isa = PBXBuildFile; fileRef = A09248E12A16142B00289BA9 /* Quiz.swift */; };
		A09248E52A16148A00289BA9 /* IndroductionView.swift in Sources */ = {isa = PBXBuildFile; fileRef = A09248E42A16148A00289BA9 /* IndroductionView.swift */; };
		A09248E82A16150600289BA9 /* MainRouter.swift in Sources */ = {isa = PBXBuildFile; fileRef = A09248E72A16150600289BA9 /* MainRouter.swift */; };
		A09248EA2A16152D00289BA9 /* NavigationState.swift in Sources */ = {isa = PBXBuildFile; fileRef = A09248E92A16152D00289BA9 /* NavigationState.swift */; };
		A09248EC2A16153F00289BA9 /* Routes.swift in Sources */ = {isa = PBXBuildFile; fileRef = A09248EB2A16153F00289BA9 /* Routes.swift */; };
		A09248F12A1615A300289BA9 /* LinearGradient+Extension.swift in Sources */ = {isa = PBXBuildFile; fileRef = A09248F02A1615A300289BA9 /* LinearGradient+Extension.swift */; };
		A09248F32A1615BB00289BA9 /* Font+Extension.swift in Sources */ = {isa = PBXBuildFile; fileRef = A09248F22A1615BB00289BA9 /* Font+Extension.swift */; };
		A09248F52A16167100289BA9 /* CustomViewModifier.swift in Sources */ = {isa = PBXBuildFile; fileRef = A09248F42A16167100289BA9 /* CustomViewModifier.swift */; };
		A09248F72A16168B00289BA9 /* CustomButtonStyle.swift in Sources */ = {isa = PBXBuildFile; fileRef = A09248F62A16168B00289BA9 /* CustomButtonStyle.swift */; };
		A09248F92A1616AF00289BA9 /* View+Extension.swift in Sources */ = {isa = PBXBuildFile; fileRef = A09248F82A1616AF00289BA9 /* View+Extension.swift */; };
		A09248FB2A1616C700289BA9 /* Dictionary+Extension.swift in Sources */ = {isa = PBXBuildFile; fileRef = A09248FA2A1616C700289BA9 /* Dictionary+Extension.swift */; };
		A09248FD2A16172800289BA9 /* QuestionView.swift in Sources */ = {isa = PBXBuildFile; fileRef = A09248FC2A16172800289BA9 /* QuestionView.swift */; };
		A09248FF2A16173F00289BA9 /* ResultsView.swift in Sources */ = {isa = PBXBuildFile; fileRef = A09248FE2A16173F00289BA9 /* ResultsView.swift */; };
		A09249012A1617EB00289BA9 /* CircleIndicator.swift in Sources */ = {isa = PBXBuildFile; fileRef = A09249002A1617EB00289BA9 /* CircleIndicator.swift */; };
		A09249032A16191E00289BA9 /* AnswerType.swift in Sources */ = {isa = PBXBuildFile; fileRef = A09249022A16191E00289BA9 /* AnswerType.swift */; };
/* End PBXBuildFile section */

/* Begin PBXFileReference section */
		A09248CA2A16135900289BA9 /* swiftui-quiz-game.app */ = {isa = PBXFileReference; explicitFileType = wrapper.application; includeInIndex = 0; path = "swiftui-quiz-game.app"; sourceTree = BUILT_PRODUCTS_DIR; };
		A09248CD2A16135900289BA9 /* swiftui_quiz_gameApp.swift */ = {isa = PBXFileReference; lastKnownFileType = sourcecode.swift; path = swiftui_quiz_gameApp.swift; sourceTree = "<group>"; };
		A09248D12A16135E00289BA9 /* Assets.xcassets */ = {isa = PBXFileReference; lastKnownFileType = folder.assetcatalog; path = Assets.xcassets; sourceTree = "<group>"; };
		A09248D42A16135E00289BA9 /* Preview Assets.xcassets */ = {isa = PBXFileReference; lastKnownFileType = folder.assetcatalog; path = "Preview Assets.xcassets"; sourceTree = "<group>"; };
		A09248DF2A1613F100289BA9 /* data.json */ = {isa = PBXFileReference; lastKnownFileType = text.json; path = data.json; sourceTree = "<group>"; };
		A09248E12A16142B00289BA9 /* Quiz.swift */ = {isa = PBXFileReference; lastKnownFileType = sourcecode.swift; path = Quiz.swift; sourceTree = "<group>"; };
		A09248E42A16148A00289BA9 /* IndroductionView.swift */ = {isa = PBXFileReference; lastKnownFileType = sourcecode.swift; path = IndroductionView.swift; sourceTree = "<group>"; };
		A09248E72A16150600289BA9 /* MainRouter.swift */ = {isa = PBXFileReference; lastKnownFileType = sourcecode.swift; path = MainRouter.swift; sourceTree = "<group>"; };
		A09248E92A16152D00289BA9 /* NavigationState.swift */ = {isa = PBXFileReference; lastKnownFileType = sourcecode.swift; path = NavigationState.swift; sourceTree = "<group>"; };
		A09248EB2A16153F00289BA9 /* Routes.swift */ = {isa = PBXFileReference; lastKnownFileType = sourcecode.swift; path = Routes.swift; sourceTree = "<group>"; };
		A09248F02A1615A300289BA9 /* LinearGradient+Extension.swift */ = {isa = PBXFileReference; lastKnownFileType = sourcecode.swift; path = "LinearGradient+Extension.swift"; sourceTree = "<group>"; };
		A09248F22A1615BB00289BA9 /* Font+Extension.swift */ = {isa = PBXFileReference; lastKnownFileType = sourcecode.swift; path = "Font+Extension.swift"; sourceTree = "<group>"; };
		A09248F42A16167100289BA9 /* CustomViewModifier.swift */ = {isa = PBXFileReference; lastKnownFileType = sourcecode.swift; path = CustomViewModifier.swift; sourceTree = "<group>"; };
		A09248F62A16168B00289BA9 /* CustomButtonStyle.swift */ = {isa = PBXFileReference; lastKnownFileType = sourcecode.swift; path = CustomButtonStyle.swift; sourceTree = "<group>"; };
		A09248F82A1616AF00289BA9 /* View+Extension.swift */ = {isa = PBXFileReference; lastKnownFileType = sourcecode.swift; path = "View+Extension.swift"; sourceTree = "<group>"; };
		A09248FA2A1616C700289BA9 /* Dictionary+Extension.swift */ = {isa = PBXFileReference; lastKnownFileType = sourcecode.swift; path = "Dictionary+Extension.swift"; sourceTree = "<group>"; };
		A09248FC2A16172800289BA9 /* QuestionView.swift */ = {isa = PBXFileReference; lastKnownFileType = sourcecode.swift; path = QuestionView.swift; sourceTree = "<group>"; };
		A09248FE2A16173F00289BA9 /* ResultsView.swift */ = {isa = PBXFileReference; lastKnownFileType = sourcecode.swift; path = ResultsView.swift; sourceTree = "<group>"; };
		A09249002A1617EB00289BA9 /* CircleIndicator.swift */ = {isa = PBXFileReference; lastKnownFileType = sourcecode.swift; path = CircleIndicator.swift; sourceTree = "<group>"; };
		A09249022A16191E00289BA9 /* AnswerType.swift */ = {isa = PBXFileReference; lastKnownFileType = sourcecode.swift; path = AnswerType.swift; sourceTree = "<group>"; };
/* End PBXFileReference section */

/* Begin PBXFrameworksBuildPhase section */
		A09248C72A16135900289BA9 /* Frameworks */ = {
			isa = PBXFrameworksBuildPhase;
			buildActionMask = 2147483647;
			files = (
			);
			runOnlyForDeploymentPostprocessing = 0;
		};
/* End PBXFrameworksBuildPhase section */

/* Begin PBXGroup section */
		A09248C12A16135900289BA9 = {
			isa = PBXGroup;
			children = (
				A09248CC2A16135900289BA9 /* swiftui-quiz-game */,
				A09248CB2A16135900289BA9 /* Products */,
			);
			sourceTree = "<group>";
		};
		A09248CB2A16135900289BA9 /* Products */ = {
			isa = PBXGroup;
			children = (
				A09248CA2A16135900289BA9 /* swiftui-quiz-game.app */,
			);
			name = Products;
			sourceTree = "<group>";
		};
		A09248CC2A16135900289BA9 /* swiftui-quiz-game */ = {
			isa = PBXGroup;
			children = (
				A09248D12A16135E00289BA9 /* Assets.xcassets */,
				A09248EF2A16157900289BA9 /* extensions */,
				A09248DC2A16139300289BA9 /* model */,
				A09248E62A1614F200289BA9 /* navigation */,
				A09248D32A16135E00289BA9 /* Preview Content */,
				A09248CD2A16135900289BA9 /* swiftui_quiz_gameApp.swift */,
				A09248E32A16147700289BA9 /* views */,
			);
			path = "swiftui-quiz-game";
			sourceTree = "<group>";
		};
		A09248D32A16135E00289BA9 /* Preview Content */ = {
			isa = PBXGroup;
			children = (
				A09248D42A16135E00289BA9 /* Preview Assets.xcassets */,
			);
			path = "Preview Content";
			sourceTree = "<group>";
		};
		A09248DC2A16139300289BA9 /* model */ = {
			isa = PBXGroup;
			children = (
				A09249022A16191E00289BA9 /* AnswerType.swift */,
				A09248DE2A1613AE00289BA9 /* data */,
				A09248E12A16142B00289BA9 /* Quiz.swift */,
			);
			path = model;
			sourceTree = "<group>";
		};
		A09248DE2A1613AE00289BA9 /* data */ = {
			isa = PBXGroup;
			children = (
				A09248DF2A1613F100289BA9 /* data.json */,
			);
			path = data;
			sourceTree = "<group>";
		};
		A09248E32A16147700289BA9 /* views */ = {
			isa = PBXGroup;
			children = (
				A09249002A1617EB00289BA9 /* CircleIndicator.swift */,
				A09248F62A16168B00289BA9 /* CustomButtonStyle.swift */,
				A09248F42A16167100289BA9 /* CustomViewModifier.swift */,
				A09248E42A16148A00289BA9 /* IndroductionView.swift */,
				A09248FC2A16172800289BA9 /* QuestionView.swift */,
				A09248FE2A16173F00289BA9 /* ResultsView.swift */,
			);
			path = views;
			sourceTree = "<group>";
		};
		A09248E62A1614F200289BA9 /* navigation */ = {
			isa = PBXGroup;
			children = (
				A09248E72A16150600289BA9 /* MainRouter.swift */,
				A09248E92A16152D00289BA9 /* NavigationState.swift */,
				A09248EB2A16153F00289BA9 /* Routes.swift */,
			);
			path = navigation;
			sourceTree = "<group>";
		};
		A09248EF2A16157900289BA9 /* extensions */ = {
			isa = PBXGroup;
			children = (
				A09248FA2A1616C700289BA9 /* Dictionary+Extension.swift */,
				A09248F22A1615BB00289BA9 /* Font+Extension.swift */,
				A09248F02A1615A300289BA9 /* LinearGradient+Extension.swift */,
				A09248F82A1616AF00289BA9 /* View+Extension.swift */,
			);
			path = extensions;
			sourceTree = "<group>";
		};
/* End PBXGroup section */

/* Begin PBXNativeTarget section */
		A09248C92A16135900289BA9 /* swiftui-quiz-game */ = {
			isa = PBXNativeTarget;
			buildConfigurationList = A09248D82A16135E00289BA9 /* Build configuration list for PBXNativeTarget "swiftui-quiz-game" */;
			buildPhases = (
				A09248C62A16135900289BA9 /* Sources */,
				A09248C72A16135900289BA9 /* Frameworks */,
				A09248C82A16135900289BA9 /* Resources */,
			);
			buildRules = (
			);
			dependencies = (
			);
			name = "swiftui-quiz-game";
			productName = "swiftui-quiz-game";
			productReference = A09248CA2A16135900289BA9 /* swiftui-quiz-game.app */;
			productType = "com.apple.product-type.application";
		};
/* End PBXNativeTarget section */

/* Begin PBXProject section */
		A09248C22A16135900289BA9 /* Project object */ = {
			isa = PBXProject;
			attributes = {
				BuildIndependentTargetsInParallel = 1;
				LastSwiftUpdateCheck = 1430;
				LastUpgradeCheck = 1430;
				TargetAttributes = {
					A09248C92A16135900289BA9 = {
						CreatedOnToolsVersion = 14.3;
					};
				};
			};
			buildConfigurationList = A09248C52A16135900289BA9 /* Build configuration list for PBXProject "swiftui-quiz-game" */;
			compatibilityVersion = "Xcode 14.0";
			developmentRegion = en;
			hasScannedForEncodings = 0;
			knownRegions = (
				en,
				Base,
			);
			mainGroup = A09248C12A16135900289BA9;
			productRefGroup = A09248CB2A16135900289BA9 /* Products */;
			projectDirPath = "";
			projectRoot = "";
			targets = (
				A09248C92A16135900289BA9 /* swiftui-quiz-game */,
			);
		};
/* End PBXProject section */

/* Begin PBXResourcesBuildPhase section */
		A09248C82A16135900289BA9 /* Resources */ = {
			isa = PBXResourcesBuildPhase;
			buildActionMask = 2147483647;
			files = (
				A09248D52A16135E00289BA9 /* Preview Assets.xcassets in Resources */,
				A09248E02A1613F100289BA9 /* data.json in Resources */,
				A09248D22A16135E00289BA9 /* Assets.xcassets in Resources */,
			);
			runOnlyForDeploymentPostprocessing = 0;
		};
/* End PBXResourcesBuildPhase section */

/* Begin PBXSourcesBuildPhase section */
		A09248C62A16135900289BA9 /* Sources */ = {
			isa = PBXSourcesBuildPhase;
			buildActionMask = 2147483647;
			files = (
				A09248EC2A16153F00289BA9 /* Routes.swift in Sources */,
				A09248F12A1615A300289BA9 /* LinearGradient+Extension.swift in Sources */,
				A09248FB2A1616C700289BA9 /* Dictionary+Extension.swift in Sources */,
				A09248EA2A16152D00289BA9 /* NavigationState.swift in Sources */,
				A09248CE2A16135900289BA9 /* swiftui_quiz_gameApp.swift in Sources */,
				A09248F72A16168B00289BA9 /* CustomButtonStyle.swift in Sources */,
				A09248F32A1615BB00289BA9 /* Font+Extension.swift in Sources */,
				A09248F52A16167100289BA9 /* CustomViewModifier.swift in Sources */,
				A09249012A1617EB00289BA9 /* CircleIndicator.swift in Sources */,
				A09248E52A16148A00289BA9 /* IndroductionView.swift in Sources */,
				A09248FD2A16172800289BA9 /* QuestionView.swift in Sources */,
				A09248E22A16142B00289BA9 /* Quiz.swift in Sources */,
				A09248F92A1616AF00289BA9 /* View+Extension.swift in Sources */,
				A09249032A16191E00289BA9 /* AnswerType.swift in Sources */,
				A09248FF2A16173F00289BA9 /* ResultsView.swift in Sources */,
				A09248E82A16150600289BA9 /* MainRouter.swift in Sources */,
			);
			runOnlyForDeploymentPostprocessing = 0;
		};
/* End PBXSourcesBuildPhase section */

/* Begin XCBuildConfiguration section */
		A09248D62A16135E00289BA9 /* Debug */ = {
			isa = XCBuildConfiguration;
			buildSettings = {
				ALWAYS_SEARCH_USER_PATHS = NO;
				CLANG_ANALYZER_NONNULL = YES;
				CLANG_ANALYZER_NUMBER_OBJECT_CONVERSION = YES_AGGRESSIVE;
				CLANG_CXX_LANGUAGE_STANDARD = "gnu++20";
				CLANG_ENABLE_MODULES = YES;
				CLANG_ENABLE_OBJC_ARC = YES;
				CLANG_ENABLE_OBJC_WEAK = YES;
				CLANG_WARN_BLOCK_CAPTURE_AUTORELEASING = YES;
				CLANG_WARN_BOOL_CONVERSION = YES;
				CLANG_WARN_COMMA = YES;
				CLANG_WARN_CONSTANT_CONVERSION = YES;
				CLANG_WARN_DEPRECATED_OBJC_IMPLEMENTATIONS = YES;
				CLANG_WARN_DIRECT_OBJC_ISA_USAGE = YES_ERROR;
				CLANG_WARN_DOCUMENTATION_COMMENTS = YES;
				CLANG_WARN_EMPTY_BODY = YES;
				CLANG_WARN_ENUM_CONVERSION = YES;
				CLANG_WARN_INFINITE_RECURSION = YES;
				CLANG_WARN_INT_CONVERSION = YES;
				CLANG_WARN_NON_LITERAL_NULL_CONVERSION = YES;
				CLANG_WARN_OBJC_IMPLICIT_RETAIN_SELF = YES;
				CLANG_WARN_OBJC_LITERAL_CONVERSION = YES;
				CLANG_WARN_OBJC_ROOT_CLASS = YES_ERROR;
				CLANG_WARN_QUOTED_INCLUDE_IN_FRAMEWORK_HEADER = YES;
				CLANG_WARN_RANGE_LOOP_ANALYSIS = YES;
				CLANG_WARN_STRICT_PROTOTYPES = YES;
				CLANG_WARN_SUSPICIOUS_MOVE = YES;
				CLANG_WARN_UNGUARDED_AVAILABILITY = YES_AGGRESSIVE;
				CLANG_WARN_UNREACHABLE_CODE = YES;
				CLANG_WARN__DUPLICATE_METHOD_MATCH = YES;
				COPY_PHASE_STRIP = NO;
				DEBUG_INFORMATION_FORMAT = dwarf;
				ENABLE_STRICT_OBJC_MSGSEND = YES;
				ENABLE_TESTABILITY = YES;
				GCC_C_LANGUAGE_STANDARD = gnu11;
				GCC_DYNAMIC_NO_PIC = NO;
				GCC_NO_COMMON_BLOCKS = YES;
				GCC_OPTIMIZATION_LEVEL = 0;
				GCC_PREPROCESSOR_DEFINITIONS = (
					"DEBUG=1",
					"$(inherited)",
				);
				GCC_WARN_64_TO_32_BIT_CONVERSION = YES;
				GCC_WARN_ABOUT_RETURN_TYPE = YES_ERROR;
				GCC_WARN_UNDECLARED_SELECTOR = YES;
				GCC_WARN_UNINITIALIZED_AUTOS = YES_AGGRESSIVE;
				GCC_WARN_UNUSED_FUNCTION = YES;
				GCC_WARN_UNUSED_VARIABLE = YES;
				IPHONEOS_DEPLOYMENT_TARGET = 16.4;
				MTL_ENABLE_DEBUG_INFO = INCLUDE_SOURCE;
				MTL_FAST_MATH = YES;
				ONLY_ACTIVE_ARCH = YES;
				SDKROOT = iphoneos;
				SWIFT_ACTIVE_COMPILATION_CONDITIONS = DEBUG;
				SWIFT_OPTIMIZATION_LEVEL = "-Onone";
			};
			name = Debug;
		};
		A09248D72A16135E00289BA9 /* Release */ = {
			isa = XCBuildConfiguration;
			buildSettings = {
				ALWAYS_SEARCH_USER_PATHS = NO;
				CLANG_ANALYZER_NONNULL = YES;
				CLANG_ANALYZER_NUMBER_OBJECT_CONVERSION = YES_AGGRESSIVE;
				CLANG_CXX_LANGUAGE_STANDARD = "gnu++20";
				CLANG_ENABLE_MODULES = YES;
				CLANG_ENABLE_OBJC_ARC = YES;
				CLANG_ENABLE_OBJC_WEAK = YES;
				CLANG_WARN_BLOCK_CAPTURE_AUTORELEASING = YES;
				CLANG_WARN_BOOL_CONVERSION = YES;
				CLANG_WARN_COMMA = YES;
				CLANG_WARN_CONSTANT_CONVERSION = YES;
				CLANG_WARN_DEPRECATED_OBJC_IMPLEMENTATIONS = YES;
				CLANG_WARN_DIRECT_OBJC_ISA_USAGE = YES_ERROR;
				CLANG_WARN_DOCUMENTATION_COMMENTS = YES;
				CLANG_WARN_EMPTY_BODY = YES;
				CLANG_WARN_ENUM_CONVERSION = YES;
				CLANG_WARN_INFINITE_RECURSION = YES;
				CLANG_WARN_INT_CONVERSION = YES;
				CLANG_WARN_NON_LITERAL_NULL_CONVERSION = YES;
				CLANG_WARN_OBJC_IMPLICIT_RETAIN_SELF = YES;
				CLANG_WARN_OBJC_LITERAL_CONVERSION = YES;
				CLANG_WARN_OBJC_ROOT_CLASS = YES_ERROR;
				CLANG_WARN_QUOTED_INCLUDE_IN_FRAMEWORK_HEADER = YES;
				CLANG_WARN_RANGE_LOOP_ANALYSIS = YES;
				CLANG_WARN_STRICT_PROTOTYPES = YES;
				CLANG_WARN_SUSPICIOUS_MOVE = YES;
				CLANG_WARN_UNGUARDED_AVAILABILITY = YES_AGGRESSIVE;
				CLANG_WARN_UNREACHABLE_CODE = YES;
				CLANG_WARN__DUPLICATE_METHOD_MATCH = YES;
				COPY_PHASE_STRIP = NO;
				DEBUG_INFORMATION_FORMAT = "dwarf-with-dsym";
				ENABLE_NS_ASSERTIONS = NO;
				ENABLE_STRICT_OBJC_MSGSEND = YES;
				GCC_C_LANGUAGE_STANDARD = gnu11;
				GCC_NO_COMMON_BLOCKS = YES;
				GCC_WARN_64_TO_32_BIT_CONVERSION = YES;
				GCC_WARN_ABOUT_RETURN_TYPE = YES_ERROR;
				GCC_WARN_UNDECLARED_SELECTOR = YES;
				GCC_WARN_UNINITIALIZED_AUTOS = YES_AGGRESSIVE;
				GCC_WARN_UNUSED_FUNCTION = YES;
				GCC_WARN_UNUSED_VARIABLE = YES;
				IPHONEOS_DEPLOYMENT_TARGET = 16.4;
				MTL_ENABLE_DEBUG_INFO = NO;
				MTL_FAST_MATH = YES;
				SDKROOT = iphoneos;
				SWIFT_COMPILATION_MODE = wholemodule;
				SWIFT_OPTIMIZATION_LEVEL = "-O";
				VALIDATE_PRODUCT = YES;
			};
			name = Release;
		};
		A09248D92A16135E00289BA9 /* Debug */ = {
			isa = XCBuildConfiguration;
			buildSettings = {
				ASSETCATALOG_COMPILER_APPICON_NAME = AppIcon;
				ASSETCATALOG_COMPILER_GLOBAL_ACCENT_COLOR_NAME = AccentColor;
				CODE_SIGN_STYLE = Automatic;
				CURRENT_PROJECT_VERSION = 1;
				DEVELOPMENT_ASSET_PATHS = "\"swiftui-quiz-game/Preview Content\"";
				DEVELOPMENT_TEAM = 6YZP4BVF2B;
				ENABLE_PREVIEWS = YES;
				GENERATE_INFOPLIST_FILE = YES;
				INFOPLIST_KEY_UIApplicationSceneManifest_Generation = YES;
				INFOPLIST_KEY_UIApplicationSupportsIndirectInputEvents = YES;
				INFOPLIST_KEY_UILaunchScreen_Generation = YES;
				INFOPLIST_KEY_UISupportedInterfaceOrientations_iPad = "UIInterfaceOrientationPortrait UIInterfaceOrientationPortraitUpsideDown UIInterfaceOrientationLandscapeLeft UIInterfaceOrientationLandscapeRight";
				INFOPLIST_KEY_UISupportedInterfaceOrientations_iPhone = "UIInterfaceOrientationPortrait UIInterfaceOrientationLandscapeLeft UIInterfaceOrientationLandscapeRight";
				LD_RUNPATH_SEARCH_PATHS = (
					"$(inherited)",
					"@executable_path/Frameworks",
				);
				MARKETING_VERSION = 1.0;
				PRODUCT_BUNDLE_IDENTIFIER = "com.jeromebach.swiftui-quiz-game";
				PRODUCT_NAME = "$(TARGET_NAME)";
				SWIFT_EMIT_LOC_STRINGS = YES;
				SWIFT_VERSION = 5.0;
				TARGETED_DEVICE_FAMILY = "1,2";
			};
			name = Debug;
		};
		A09248DA2A16135E00289BA9 /* Release */ = {
			isa = XCBuildConfiguration;
			buildSettings = {
				ASSETCATALOG_COMPILER_APPICON_NAME = AppIcon;
				ASSETCATALOG_COMPILER_GLOBAL_ACCENT_COLOR_NAME = AccentColor;
				CODE_SIGN_STYLE = Automatic;
				CURRENT_PROJECT_VERSION = 1;
				DEVELOPMENT_ASSET_PATHS = "\"swiftui-quiz-game/Preview Content\"";
				DEVELOPMENT_TEAM = 6YZP4BVF2B;
				ENABLE_PREVIEWS = YES;
				GENERATE_INFOPLIST_FILE = YES;
				INFOPLIST_KEY_UIApplicationSceneManifest_Generation = YES;
				INFOPLIST_KEY_UIApplicationSupportsIndirectInputEvents = YES;
				INFOPLIST_KEY_UILaunchScreen_Generation = YES;
				INFOPLIST_KEY_UISupportedInterfaceOrientations_iPad = "UIInterfaceOrientationPortrait UIInterfaceOrientationPortraitUpsideDown UIInterfaceOrientationLandscapeLeft UIInterfaceOrientationLandscapeRight";
				INFOPLIST_KEY_UISupportedInterfaceOrientations_iPhone = "UIInterfaceOrientationPortrait UIInterfaceOrientationLandscapeLeft UIInterfaceOrientationLandscapeRight";
				LD_RUNPATH_SEARCH_PATHS = (
					"$(inherited)",
					"@executable_path/Frameworks",
				);
				MARKETING_VERSION = 1.0;
				PRODUCT_BUNDLE_IDENTIFIER = "com.jeromebach.swiftui-quiz-game";
				PRODUCT_NAME = "$(TARGET_NAME)";
				SWIFT_EMIT_LOC_STRINGS = YES;
				SWIFT_VERSION = 5.0;
				TARGETED_DEVICE_FAMILY = "1,2";
			};
			name = Release;
		};
/* End XCBuildConfiguration section */

/* Begin XCConfigurationList section */
		A09248C52A16135900289BA9 /* Build configuration list for PBXProject "swiftui-quiz-game" */ = {
			isa = XCConfigurationList;
			buildConfigurations = (
				A09248D62A16135E00289BA9 /* Debug */,
				A09248D72A16135E00289BA9 /* Release */,
			);
			defaultConfigurationIsVisible = 0;
			defaultConfigurationName = Release;
		};
		A09248D82A16135E00289BA9 /* Build configuration list for PBXNativeTarget "swiftui-quiz-game" */ = {
			isa = XCConfigurationList;
			buildConfigurations = (
				A09248D92A16135E00289BA9 /* Debug */,
				A09248DA2A16135E00289BA9 /* Release */,
			);
			defaultConfigurationIsVisible = 0;
			defaultConfigurationName = Release;
		};
/* End XCConfigurationList section */
	};
	rootObject = A09248C22A16135900289BA9 /* Project object */;
}
